
Microsoft Visual Studio Solution File, Format Version 12.00
# Visual Studio Version 16
VisualStudioVersion = 25.0.1705.6
MinimumVisualStudioVersion = 10.0.40219.1
Project("{FAE04EC0-301F-11D3-BF4B-00C04F79EFBC}") = "ConsolePOE", "ConsolePOE\ConsolePOE.csproj", "{FC03B733-10FE-4193-8225-7E046D317C8E}"
EndProject
Global
	GlobalSection(SolutionConfigurationPlatforms) = preSolution
		Debug|Any CPU = Debug|Any CPU
		Release|Any CPU = Release|Any CPU
	EndGlobalSection
	GlobalSection(ProjectConfigurationPlatforms) = postSolution
		{FC03B733-10FE-4193-8225-7E046D317C8E}.Debug|Any CPU.ActiveCfg = Debug|Any CPU
		{FC03B733-10FE-4193-8225-7E046D317C8E}.Debug|Any CPU.Build.0 = Debug|Any CPU
		{FC03B733-10FE-4193-8225-7E046D317C8E}.Release|Any CPU.ActiveCfg = Release|Any CPU
		{FC03B733-10FE-4193-8225-7E046D317C8E}.Release|Any CPU.Build.0 = Release|Any CPU
	EndGlobalSection
	GlobalSection(SolutionProperties) = preSolution
		HideSolutionNode = FALSE
	EndGlobalSection
	GlobalSection(ExtensibilityGlobals) = postSolution
		SolutionGuid = {6802EF7D-EFE0-49FE-92EB-6DD1AA390929}
	EndGlobalSection
EndGlobal
